
Microsoft Visual Studio Solution File, Format Version 12.00
# Visual Studio Version 16
VisualStudioVersion = 16.0.33328.57
MinimumVisualStudioVersion = 10.0.40219.1
Project("{FAE04EC0-301F-11D3-BF4B-00C04F79EFBC}") = "temel_arac_kullanımları", "temel_arac_kullanımları\temel_arac_kullanımları.csproj", "{EA582E44-24B9-4387-8E58-14408BB87867}"
EndProject
Global
	GlobalSection(SolutionConfigurationPlatforms) = preSolution
		Debug|Any CPU = Debug|Any CPU
		Release|Any CPU = Release|Any CPU
	EndGlobalSection
	GlobalSection(ProjectConfigurationPlatforms) = postSolution
		{EA582E44-24B9-4387-8E58-14408BB87867}.Debug|Any CPU.ActiveCfg = Debug|Any CPU
		{EA582E44-24B9-4387-8E58-14408BB87867}.Debug|Any CPU.Build.0 = Debug|Any CPU
		{EA582E44-24B9-4387-8E58-14408BB87867}.Release|Any CPU.ActiveCfg = Release|Any CPU
		{EA582E44-24B9-4387-8E58-14408BB87867}.Release|Any CPU.Build.0 = Release|Any CPU
	EndGlobalSection
	GlobalSection(SolutionProperties) = preSolution
		HideSolutionNode = FALSE
	EndGlobalSection
	GlobalSection(ExtensibilityGlobals) = postSolution
		SolutionGuid = {24AFA39E-D747-4CB4-9DC4-33534D87BD0D}
	EndGlobalSection
EndGlobal
